# This file is automatically @generated by Cargo.
# It is not intended for manual editing.
[[package]]
name = "aho-corasick"
version = "0.7.15"
source = "registry+https://github.com/rust-lang/crates.io-index"
dependencies = [
 "memchr 2.3.4 (registry+https://github.com/rust-lang/crates.io-index)",
]

[[package]]
name = "aoc-helpers"
version = "0.1.0"
dependencies = [
 "isahc 1.6.0 (registry+https://github.com/rust-lang/crates.io-index)",
]

[[package]]
name = "aoc2015"
version = "0.1.0"
dependencies = [
 "md5 0.7.0 (registry+https://github.com/rust-lang/crates.io-index)",
 "prompter 0.1.0",
]

[[package]]
name = "aoc2020"
version = "0.1.0"
dependencies = [
 "itertools 0.9.0 (registry+https://github.com/rust-lang/crates.io-index)",
 "num 0.3.1 (registry+https://github.com/rust-lang/crates.io-index)",
 "prompter 0.1.0",
 "regex 1.4.2 (registry+https://github.com/rust-lang/crates.io-index)",
]

[[package]]
name = "aoc2021"
version = "0.1.0"
dependencies = [
 "aoc-helpers 0.1.0",
]

[[package]]
name = "async-channel"
version = "1.6.1"
source = "registry+https://github.com/rust-lang/crates.io-index"
dependencies = [
 "concurrent-queue 1.2.2 (registry+https://github.com/rust-lang/crates.io-index)",
 "event-listener 2.5.1 (registry+https://github.com/rust-lang/crates.io-index)",
 "futures-core 0.3.18 (registry+https://github.com/rust-lang/crates.io-index)",
]

[[package]]
name = "autocfg"
version = "1.0.1"
source = "registry+https://github.com/rust-lang/crates.io-index"

[[package]]
name = "bytes"
version = "1.1.0"
source = "registry+https://github.com/rust-lang/crates.io-index"

[[package]]
name = "cache-padded"
version = "1.1.1"
source = "registry+https://github.com/rust-lang/crates.io-index"

[[package]]
name = "castaway"
version = "0.1.1"
source = "registry+https://github.com/rust-lang/crates.io-index"

[[package]]
name = "cc"
version = "1.0.72"
source = "registry+https://github.com/rust-lang/crates.io-index"

[[package]]
name = "cfg-if"
version = "1.0.0"
source = "registry+https://github.com/rust-lang/crates.io-index"

[[package]]
name = "concurrent-queue"
version = "1.2.2"
source = "registry+https://github.com/rust-lang/crates.io-index"
dependencies = [
 "cache-padded 1.1.1 (registry+https://github.com/rust-lang/crates.io-index)",
]

[[package]]
name = "crossbeam-utils"
version = "0.8.5"
source = "registry+https://github.com/rust-lang/crates.io-index"
dependencies = [
 "cfg-if 1.0.0 (registry+https://github.com/rust-lang/crates.io-index)",
 "lazy_static 1.4.0 (registry+https://github.com/rust-lang/crates.io-index)",
]

[[package]]
name = "curl"
version = "0.4.41"
source = "registry+https://github.com/rust-lang/crates.io-index"
dependencies = [
 "curl-sys 0.4.51+curl-7.80.0 (registry+https://github.com/rust-lang/crates.io-index)",
 "libc 0.2.108 (registry+https://github.com/rust-lang/crates.io-index)",
 "openssl-probe 0.1.4 (registry+https://github.com/rust-lang/crates.io-index)",
 "openssl-sys 0.9.71 (registry+https://github.com/rust-lang/crates.io-index)",
 "schannel 0.1.19 (registry+https://github.com/rust-lang/crates.io-index)",
 "socket2 0.4.2 (registry+https://github.com/rust-lang/crates.io-index)",
 "winapi 0.3.9 (registry+https://github.com/rust-lang/crates.io-index)",
]

[[package]]
name = "curl-sys"
version = "0.4.51+curl-7.80.0"
source = "registry+https://github.com/rust-lang/crates.io-index"
dependencies = [
 "cc 1.0.72 (registry+https://github.com/rust-lang/crates.io-index)",
 "libc 0.2.108 (registry+https://github.com/rust-lang/crates.io-index)",
 "libnghttp2-sys 0.1.7+1.45.0 (registry+https://github.com/rust-lang/crates.io-index)",
 "libz-sys 1.1.3 (registry+https://github.com/rust-lang/crates.io-index)",
 "openssl-sys 0.9.71 (registry+https://github.com/rust-lang/crates.io-index)",
 "pkg-config 0.3.22 (registry+https://github.com/rust-lang/crates.io-index)",
 "vcpkg 0.2.15 (registry+https://github.com/rust-lang/crates.io-index)",
 "winapi 0.3.9 (registry+https://github.com/rust-lang/crates.io-index)",
]

[[package]]
name = "either"
version = "1.6.1"
source = "registry+https://github.com/rust-lang/crates.io-index"

[[package]]
name = "encoding_rs"
version = "0.8.29"
source = "registry+https://github.com/rust-lang/crates.io-index"
dependencies = [
 "cfg-if 1.0.0 (registry+https://github.com/rust-lang/crates.io-index)",
]

[[package]]
name = "event-listener"
version = "2.5.1"
source = "registry+https://github.com/rust-lang/crates.io-index"

[[package]]
name = "fastrand"
version = "1.5.0"
source = "registry+https://github.com/rust-lang/crates.io-index"
dependencies = [
 "instant 0.1.12 (registry+https://github.com/rust-lang/crates.io-index)",
]

[[package]]
name = "fnv"
version = "1.0.7"
source = "registry+https://github.com/rust-lang/crates.io-index"

[[package]]
name = "form_urlencoded"
version = "1.0.1"
source = "registry+https://github.com/rust-lang/crates.io-index"
dependencies = [
 "matches 0.1.9 (registry+https://github.com/rust-lang/crates.io-index)",
 "percent-encoding 2.1.0 (registry+https://github.com/rust-lang/crates.io-index)",
]

[[package]]
name = "futures-core"
version = "0.3.18"
source = "registry+https://github.com/rust-lang/crates.io-index"

[[package]]
name = "futures-io"
version = "0.3.18"
source = "registry+https://github.com/rust-lang/crates.io-index"

[[package]]
name = "futures-lite"
version = "1.12.0"
source = "registry+https://github.com/rust-lang/crates.io-index"
dependencies = [
 "fastrand 1.5.0 (registry+https://github.com/rust-lang/crates.io-index)",
 "futures-core 0.3.18 (registry+https://github.com/rust-lang/crates.io-index)",
 "futures-io 0.3.18 (registry+https://github.com/rust-lang/crates.io-index)",
 "memchr 2.3.4 (registry+https://github.com/rust-lang/crates.io-index)",
 "parking 2.0.0 (registry+https://github.com/rust-lang/crates.io-index)",
 "pin-project-lite 0.2.7 (registry+https://github.com/rust-lang/crates.io-index)",
 "waker-fn 1.1.0 (registry+https://github.com/rust-lang/crates.io-index)",
]

[[package]]
name = "http"
version = "0.2.5"
source = "registry+https://github.com/rust-lang/crates.io-index"
dependencies = [
 "bytes 1.1.0 (registry+https://github.com/rust-lang/crates.io-index)",
 "fnv 1.0.7 (registry+https://github.com/rust-lang/crates.io-index)",
 "itoa 0.4.8 (registry+https://github.com/rust-lang/crates.io-index)",
]

[[package]]
name = "idna"
version = "0.2.3"
source = "registry+https://github.com/rust-lang/crates.io-index"
dependencies = [
 "matches 0.1.9 (registry+https://github.com/rust-lang/crates.io-index)",
 "unicode-bidi 0.3.7 (registry+https://github.com/rust-lang/crates.io-index)",
 "unicode-normalization 0.1.19 (registry+https://github.com/rust-lang/crates.io-index)",
]

[[package]]
name = "instant"
version = "0.1.12"
source = "registry+https://github.com/rust-lang/crates.io-index"
dependencies = [
 "cfg-if 1.0.0 (registry+https://github.com/rust-lang/crates.io-index)",
]

[[package]]
name = "isahc"
version = "1.6.0"
source = "registry+https://github.com/rust-lang/crates.io-index"
dependencies = [
 "async-channel 1.6.1 (registry+https://github.com/rust-lang/crates.io-index)",
 "castaway 0.1.1 (registry+https://github.com/rust-lang/crates.io-index)",
 "crossbeam-utils 0.8.5 (registry+https://github.com/rust-lang/crates.io-index)",
 "curl 0.4.41 (registry+https://github.com/rust-lang/crates.io-index)",
 "curl-sys 0.4.51+curl-7.80.0 (registry+https://github.com/rust-lang/crates.io-index)",
 "encoding_rs 0.8.29 (registry+https://github.com/rust-lang/crates.io-index)",
 "event-listener 2.5.1 (registry+https://github.com/rust-lang/crates.io-index)",
 "futures-lite 1.12.0 (registry+https://github.com/rust-lang/crates.io-index)",
 "http 0.2.5 (registry+https://github.com/rust-lang/crates.io-index)",
 "log 0.4.14 (registry+https://github.com/rust-lang/crates.io-index)",
 "mime 0.3.16 (registry+https://github.com/rust-lang/crates.io-index)",
 "once_cell 1.8.0 (registry+https://github.com/rust-lang/crates.io-index)",
 "polling 2.2.0 (registry+https://github.com/rust-lang/crates.io-index)",
 "slab 0.4.5 (registry+https://github.com/rust-lang/crates.io-index)",
 "sluice 0.5.5 (registry+https://github.com/rust-lang/crates.io-index)",
 "tracing 0.1.29 (registry+https://github.com/rust-lang/crates.io-index)",
 "tracing-futures 0.2.5 (registry+https://github.com/rust-lang/crates.io-index)",
 "url 2.2.2 (registry+https://github.com/rust-lang/crates.io-index)",
 "waker-fn 1.1.0 (registry+https://github.com/rust-lang/crates.io-index)",
]

[[package]]
name = "itertools"
version = "0.9.0"
source = "registry+https://github.com/rust-lang/crates.io-index"
dependencies = [
 "either 1.6.1 (registry+https://github.com/rust-lang/crates.io-index)",
]

[[package]]
name = "itoa"
version = "0.4.8"
source = "registry+https://github.com/rust-lang/crates.io-index"

[[package]]
name = "lazy_static"
version = "1.4.0"
source = "registry+https://github.com/rust-lang/crates.io-index"

[[package]]
name = "libc"
version = "0.2.108"
source = "registry+https://github.com/rust-lang/crates.io-index"

[[package]]
name = "libnghttp2-sys"
version = "0.1.7+1.45.0"
source = "registry+https://github.com/rust-lang/crates.io-index"
dependencies = [
 "cc 1.0.72 (registry+https://github.com/rust-lang/crates.io-index)",
 "libc 0.2.108 (registry+https://github.com/rust-lang/crates.io-index)",
]

[[package]]
name = "libz-sys"
version = "1.1.3"
source = "registry+https://github.com/rust-lang/crates.io-index"
dependencies = [
 "cc 1.0.72 (registry+https://github.com/rust-lang/crates.io-index)",
 "libc 0.2.108 (registry+https://github.com/rust-lang/crates.io-index)",
 "pkg-config 0.3.22 (registry+https://github.com/rust-lang/crates.io-index)",
 "vcpkg 0.2.15 (registry+https://github.com/rust-lang/crates.io-index)",
]

[[package]]
name = "log"
version = "0.4.14"
source = "registry+https://github.com/rust-lang/crates.io-index"
dependencies = [
 "cfg-if 1.0.0 (registry+https://github.com/rust-lang/crates.io-index)",
]

[[package]]
name = "matches"
version = "0.1.9"
source = "registry+https://github.com/rust-lang/crates.io-index"

[[package]]
name = "md5"
version = "0.7.0"
source = "registry+https://github.com/rust-lang/crates.io-index"

[[package]]
name = "memchr"
version = "2.3.4"
source = "registry+https://github.com/rust-lang/crates.io-index"

[[package]]
name = "mime"
version = "0.3.16"
source = "registry+https://github.com/rust-lang/crates.io-index"

[[package]]
name = "num"
version = "0.3.1"
source = "registry+https://github.com/rust-lang/crates.io-index"
dependencies = [
 "num-bigint 0.3.1 (registry+https://github.com/rust-lang/crates.io-index)",
 "num-complex 0.3.1 (registry+https://github.com/rust-lang/crates.io-index)",
 "num-integer 0.1.44 (registry+https://github.com/rust-lang/crates.io-index)",
 "num-iter 0.1.42 (registry+https://github.com/rust-lang/crates.io-index)",
 "num-rational 0.3.2 (registry+https://github.com/rust-lang/crates.io-index)",
 "num-traits 0.2.14 (registry+https://github.com/rust-lang/crates.io-index)",
]

[[package]]
name = "num-bigint"
version = "0.3.1"
source = "registry+https://github.com/rust-lang/crates.io-index"
dependencies = [
 "autocfg 1.0.1 (registry+https://github.com/rust-lang/crates.io-index)",
 "num-integer 0.1.44 (registry+https://github.com/rust-lang/crates.io-index)",
 "num-traits 0.2.14 (registry+https://github.com/rust-lang/crates.io-index)",
]

[[package]]
name = "num-complex"
version = "0.3.1"
source = "registry+https://github.com/rust-lang/crates.io-index"
dependencies = [
 "num-traits 0.2.14 (registry+https://github.com/rust-lang/crates.io-index)",
]

[[package]]
name = "num-integer"
version = "0.1.44"
source = "registry+https://github.com/rust-lang/crates.io-index"
dependencies = [
 "autocfg 1.0.1 (registry+https://github.com/rust-lang/crates.io-index)",
 "num-traits 0.2.14 (registry+https://github.com/rust-lang/crates.io-index)",
]

[[package]]
name = "num-iter"
version = "0.1.42"
source = "registry+https://github.com/rust-lang/crates.io-index"
dependencies = [
 "autocfg 1.0.1 (registry+https://github.com/rust-lang/crates.io-index)",
 "num-integer 0.1.44 (registry+https://github.com/rust-lang/crates.io-index)",
 "num-traits 0.2.14 (registry+https://github.com/rust-lang/crates.io-index)",
]

[[package]]
name = "num-rational"
version = "0.3.2"
source = "registry+https://github.com/rust-lang/crates.io-index"
dependencies = [
 "autocfg 1.0.1 (registry+https://github.com/rust-lang/crates.io-index)",
 "num-bigint 0.3.1 (registry+https://github.com/rust-lang/crates.io-index)",
 "num-integer 0.1.44 (registry+https://github.com/rust-lang/crates.io-index)",
 "num-traits 0.2.14 (registry+https://github.com/rust-lang/crates.io-index)",
]

[[package]]
name = "num-traits"
version = "0.2.14"
source = "registry+https://github.com/rust-lang/crates.io-index"
dependencies = [
 "autocfg 1.0.1 (registry+https://github.com/rust-lang/crates.io-index)",
]

[[package]]
name = "once_cell"
version = "1.8.0"
source = "registry+https://github.com/rust-lang/crates.io-index"

[[package]]
name = "openssl-probe"
version = "0.1.4"
source = "registry+https://github.com/rust-lang/crates.io-index"

[[package]]
name = "openssl-sys"
version = "0.9.71"
source = "registry+https://github.com/rust-lang/crates.io-index"
dependencies = [
 "autocfg 1.0.1 (registry+https://github.com/rust-lang/crates.io-index)",
 "cc 1.0.72 (registry+https://github.com/rust-lang/crates.io-index)",
 "libc 0.2.108 (registry+https://github.com/rust-lang/crates.io-index)",
 "pkg-config 0.3.22 (registry+https://github.com/rust-lang/crates.io-index)",
 "vcpkg 0.2.15 (registry+https://github.com/rust-lang/crates.io-index)",
]

[[package]]
name = "parking"
version = "2.0.0"
source = "registry+https://github.com/rust-lang/crates.io-index"

[[package]]
name = "percent-encoding"
version = "2.1.0"
source = "registry+https://github.com/rust-lang/crates.io-index"

[[package]]
name = "pin-project"
version = "1.0.8"
source = "registry+https://github.com/rust-lang/crates.io-index"
dependencies = [
 "pin-project-internal 1.0.8 (registry+https://github.com/rust-lang/crates.io-index)",
]

[[package]]
name = "pin-project-internal"
version = "1.0.8"
source = "registry+https://github.com/rust-lang/crates.io-index"
dependencies = [
 "proc-macro2 1.0.32 (registry+https://github.com/rust-lang/crates.io-index)",
 "quote 1.0.10 (registry+https://github.com/rust-lang/crates.io-index)",
 "syn 1.0.82 (registry+https://github.com/rust-lang/crates.io-index)",
]

[[package]]
name = "pin-project-lite"
version = "0.2.7"
source = "registry+https://github.com/rust-lang/crates.io-index"

[[package]]
name = "pkg-config"
version = "0.3.22"
source = "registry+https://github.com/rust-lang/crates.io-index"

[[package]]
name = "polling"
version = "2.2.0"
source = "registry+https://github.com/rust-lang/crates.io-index"
dependencies = [
 "cfg-if 1.0.0 (registry+https://github.com/rust-lang/crates.io-index)",
 "libc 0.2.108 (registry+https://github.com/rust-lang/crates.io-index)",
 "log 0.4.14 (registry+https://github.com/rust-lang/crates.io-index)",
 "wepoll-ffi 0.1.2 (registry+https://github.com/rust-lang/crates.io-index)",
 "winapi 0.3.9 (registry+https://github.com/rust-lang/crates.io-index)",
]

[[package]]
name = "proc-macro2"
version = "1.0.32"
source = "registry+https://github.com/rust-lang/crates.io-index"
dependencies = [
 "unicode-xid 0.2.2 (registry+https://github.com/rust-lang/crates.io-index)",
]

[[package]]
name = "prompter"
version = "0.1.0"

[[package]]
name = "quote"
version = "1.0.10"
source = "registry+https://github.com/rust-lang/crates.io-index"
dependencies = [
 "proc-macro2 1.0.32 (registry+https://github.com/rust-lang/crates.io-index)",
]

[[package]]
name = "regex"
version = "1.4.2"
source = "registry+https://github.com/rust-lang/crates.io-index"
dependencies = [
 "aho-corasick 0.7.15 (registry+https://github.com/rust-lang/crates.io-index)",
 "memchr 2.3.4 (registry+https://github.com/rust-lang/crates.io-index)",
 "regex-syntax 0.6.21 (registry+https://github.com/rust-lang/crates.io-index)",
 "thread_local 1.0.1 (registry+https://github.com/rust-lang/crates.io-index)",
]

[[package]]
name = "regex-syntax"
version = "0.6.21"
source = "registry+https://github.com/rust-lang/crates.io-index"

[[package]]
name = "schannel"
version = "0.1.19"
source = "registry+https://github.com/rust-lang/crates.io-index"
dependencies = [
 "lazy_static 1.4.0 (registry+https://github.com/rust-lang/crates.io-index)",
 "winapi 0.3.9 (registry+https://github.com/rust-lang/crates.io-index)",
]

[[package]]
name = "slab"
version = "0.4.5"
source = "registry+https://github.com/rust-lang/crates.io-index"

[[package]]
name = "sluice"
version = "0.5.5"
source = "registry+https://github.com/rust-lang/crates.io-index"
dependencies = [
 "async-channel 1.6.1 (registry+https://github.com/rust-lang/crates.io-index)",
 "futures-core 0.3.18 (registry+https://github.com/rust-lang/crates.io-index)",
 "futures-io 0.3.18 (registry+https://github.com/rust-lang/crates.io-index)",
]

[[package]]
name = "socket2"
version = "0.4.2"
source = "registry+https://github.com/rust-lang/crates.io-index"
dependencies = [
 "libc 0.2.108 (registry+https://github.com/rust-lang/crates.io-index)",
 "winapi 0.3.9 (registry+https://github.com/rust-lang/crates.io-index)",
]

[[package]]
name = "syn"
version = "1.0.82"
source = "registry+https://github.com/rust-lang/crates.io-index"
dependencies = [
 "proc-macro2 1.0.32 (registry+https://github.com/rust-lang/crates.io-index)",
 "quote 1.0.10 (registry+https://github.com/rust-lang/crates.io-index)",
 "unicode-xid 0.2.2 (registry+https://github.com/rust-lang/crates.io-index)",
]

[[package]]
name = "thread_local"
version = "1.0.1"
source = "registry+https://github.com/rust-lang/crates.io-index"
dependencies = [
 "lazy_static 1.4.0 (registry+https://github.com/rust-lang/crates.io-index)",
]

[[package]]
name = "tinyvec"
version = "1.5.1"
source = "registry+https://github.com/rust-lang/crates.io-index"
dependencies = [
 "tinyvec_macros 0.1.0 (registry+https://github.com/rust-lang/crates.io-index)",
]

[[package]]
name = "tinyvec_macros"
version = "0.1.0"
source = "registry+https://github.com/rust-lang/crates.io-index"

[[package]]
name = "tracing"
version = "0.1.29"
source = "registry+https://github.com/rust-lang/crates.io-index"
dependencies = [
 "cfg-if 1.0.0 (registry+https://github.com/rust-lang/crates.io-index)",
 "log 0.4.14 (registry+https://github.com/rust-lang/crates.io-index)",
 "pin-project-lite 0.2.7 (registry+https://github.com/rust-lang/crates.io-index)",
 "tracing-attributes 0.1.18 (registry+https://github.com/rust-lang/crates.io-index)",
 "tracing-core 0.1.21 (registry+https://github.com/rust-lang/crates.io-index)",
]

[[package]]
name = "tracing-attributes"
version = "0.1.18"
source = "registry+https://github.com/rust-lang/crates.io-index"
dependencies = [
 "proc-macro2 1.0.32 (registry+https://github.com/rust-lang/crates.io-index)",
 "quote 1.0.10 (registry+https://github.com/rust-lang/crates.io-index)",
 "syn 1.0.82 (registry+https://github.com/rust-lang/crates.io-index)",
]

[[package]]
name = "tracing-core"
version = "0.1.21"
source = "registry+https://github.com/rust-lang/crates.io-index"
dependencies = [
 "lazy_static 1.4.0 (registry+https://github.com/rust-lang/crates.io-index)",
]

[[package]]
name = "tracing-futures"
version = "0.2.5"
source = "registry+https://github.com/rust-lang/crates.io-index"
dependencies = [
 "pin-project 1.0.8 (registry+https://github.com/rust-lang/crates.io-index)",
 "tracing 0.1.29 (registry+https://github.com/rust-lang/crates.io-index)",
]

[[package]]
name = "unicode-bidi"
version = "0.3.7"
source = "registry+https://github.com/rust-lang/crates.io-index"

[[package]]
name = "unicode-normalization"
version = "0.1.19"
source = "registry+https://github.com/rust-lang/crates.io-index"
dependencies = [
 "tinyvec 1.5.1 (registry+https://github.com/rust-lang/crates.io-index)",
]

[[package]]
name = "unicode-xid"
version = "0.2.2"
source = "registry+https://github.com/rust-lang/crates.io-index"

[[package]]
name = "url"
version = "2.2.2"
source = "registry+https://github.com/rust-lang/crates.io-index"
dependencies = [
 "form_urlencoded 1.0.1 (registry+https://github.com/rust-lang/crates.io-index)",
 "idna 0.2.3 (registry+https://github.com/rust-lang/crates.io-index)",
 "matches 0.1.9 (registry+https://github.com/rust-lang/crates.io-index)",
 "percent-encoding 2.1.0 (registry+https://github.com/rust-lang/crates.io-index)",
]

[[package]]
name = "vcpkg"
version = "0.2.15"
source = "registry+https://github.com/rust-lang/crates.io-index"

[[package]]
name = "waker-fn"
version = "1.1.0"
source = "registry+https://github.com/rust-lang/crates.io-index"

[[package]]
name = "wepoll-ffi"
version = "0.1.2"
source = "registry+https://github.com/rust-lang/crates.io-index"
dependencies = [
 "cc 1.0.72 (registry+https://github.com/rust-lang/crates.io-index)",
]

[[package]]
name = "winapi"
version = "0.3.9"
source = "registry+https://github.com/rust-lang/crates.io-index"
dependencies = [
 "winapi-i686-pc-windows-gnu 0.4.0 (registry+https://github.com/rust-lang/crates.io-index)",
 "winapi-x86_64-pc-windows-gnu 0.4.0 (registry+https://github.com/rust-lang/crates.io-index)",
]

[[package]]
name = "winapi-i686-pc-windows-gnu"
version = "0.4.0"
source = "registry+https://github.com/rust-lang/crates.io-index"

[[package]]
name = "winapi-x86_64-pc-windows-gnu"
version = "0.4.0"
source = "registry+https://github.com/rust-lang/crates.io-index"

[metadata]
"checksum aho-corasick 0.7.15 (registry+https://github.com/rust-lang/crates.io-index)" = "7404febffaa47dac81aa44dba71523c9d069b1bdc50a77db41195149e17f68e5"
"checksum async-channel 1.6.1 (registry+https://github.com/rust-lang/crates.io-index)" = "2114d64672151c0c5eaa5e131ec84a74f06e1e559830dabba01ca30605d66319"
"checksum autocfg 1.0.1 (registry+https://github.com/rust-lang/crates.io-index)" = "cdb031dd78e28731d87d56cc8ffef4a8f36ca26c38fe2de700543e627f8a464a"
"checksum bytes 1.1.0 (registry+https://github.com/rust-lang/crates.io-index)" = "c4872d67bab6358e59559027aa3b9157c53d9358c51423c17554809a8858e0f8"
"checksum cache-padded 1.1.1 (registry+https://github.com/rust-lang/crates.io-index)" = "631ae5198c9be5e753e5cc215e1bd73c2b466a3565173db433f52bb9d3e66dba"
"checksum castaway 0.1.1 (registry+https://github.com/rust-lang/crates.io-index)" = "ed247d1586918e46f2bbe0f13b06498db8dab5a8c1093f156652e9f2e0a73fc3"
"checksum cc 1.0.72 (registry+https://github.com/rust-lang/crates.io-index)" = "22a9137b95ea06864e018375b72adfb7db6e6f68cfc8df5a04d00288050485ee"
"checksum cfg-if 1.0.0 (registry+https://github.com/rust-lang/crates.io-index)" = "baf1de4339761588bc0619e3cbc0120ee582ebb74b53b4efbf79117bd2da40fd"
"checksum concurrent-queue 1.2.2 (registry+https://github.com/rust-lang/crates.io-index)" = "30ed07550be01594c6026cff2a1d7fe9c8f683caa798e12b68694ac9e88286a3"
"checksum crossbeam-utils 0.8.5 (registry+https://github.com/rust-lang/crates.io-index)" = "d82cfc11ce7f2c3faef78d8a684447b40d503d9681acebed6cb728d45940c4db"
"checksum curl 0.4.41 (registry+https://github.com/rust-lang/crates.io-index)" = "1bc6d233563261f8db6ffb83bbaad5a73837a6e6b28868e926337ebbdece0be3"
"checksum curl-sys 0.4.51+curl-7.80.0 (registry+https://github.com/rust-lang/crates.io-index)" = "d130987e6a6a34fe0889e1083022fa48cd90e6709a84be3fb8dd95801de5af20"
"checksum either 1.6.1 (registry+https://github.com/rust-lang/crates.io-index)" = "e78d4f1cc4ae33bbfc157ed5d5a5ef3bc29227303d595861deb238fcec4e9457"
"checksum encoding_rs 0.8.29 (registry+https://github.com/rust-lang/crates.io-index)" = "a74ea89a0a1b98f6332de42c95baff457ada66d1cb4030f9ff151b2041a1c746"
"checksum event-listener 2.5.1 (registry+https://github.com/rust-lang/crates.io-index)" = "f7531096570974c3a9dcf9e4b8e1cede1ec26cf5046219fb3b9d897503b9be59"
"checksum fastrand 1.5.0 (registry+https://github.com/rust-lang/crates.io-index)" = "b394ed3d285a429378d3b384b9eb1285267e7df4b166df24b7a6939a04dc392e"
"checksum fnv 1.0.7 (registry+https://github.com/rust-lang/crates.io-index)" = "3f9eec918d3f24069decb9af1554cad7c880e2da24a9afd88aca000531ab82c1"
"checksum form_urlencoded 1.0.1 (registry+https://github.com/rust-lang/crates.io-index)" = "5fc25a87fa4fd2094bffb06925852034d90a17f0d1e05197d4956d3555752191"
"checksum futures-core 0.3.18 (registry+https://github.com/rust-lang/crates.io-index)" = "629316e42fe7c2a0b9a65b47d159ceaa5453ab14e8f0a3c5eedbb8cd55b4a445"
"checksum futures-io 0.3.18 (registry+https://github.com/rust-lang/crates.io-index)" = "e481354db6b5c353246ccf6a728b0c5511d752c08da7260546fc0933869daa11"
"checksum futures-lite 1.12.0 (registry+https://github.com/rust-lang/crates.io-index)" = "7694489acd39452c77daa48516b894c153f192c3578d5a839b62c58099fcbf48"
"checksum http 0.2.5 (registry+https://github.com/rust-lang/crates.io-index)" = "1323096b05d41827dadeaee54c9981958c0f94e670bc94ed80037d1a7b8b186b"
"checksum idna 0.2.3 (registry+https://github.com/rust-lang/crates.io-index)" = "418a0a6fab821475f634efe3ccc45c013f742efe03d853e8d3355d5cb850ecf8"
"checksum instant 0.1.12 (registry+https://github.com/rust-lang/crates.io-index)" = "7a5bbe824c507c5da5956355e86a746d82e0e1464f65d862cc5e71da70e94b2c"
"checksum isahc 1.6.0 (registry+https://github.com/rust-lang/crates.io-index)" = "d140e84730d325378912ede32d7cd53ef1542725503b3353e5ec8113c7c6f588"
"checksum itertools 0.9.0 (registry+https://github.com/rust-lang/crates.io-index)" = "284f18f85651fe11e8a991b2adb42cb078325c996ed026d994719efcfca1d54b"
"checksum itoa 0.4.8 (registry+https://github.com/rust-lang/crates.io-index)" = "b71991ff56294aa922b450139ee08b3bfc70982c6b2c7562771375cf73542dd4"
"checksum lazy_static 1.4.0 (registry+https://github.com/rust-lang/crates.io-index)" = "e2abad23fbc42b3700f2f279844dc832adb2b2eb069b2df918f455c4e18cc646"
"checksum libc 0.2.108 (registry+https://github.com/rust-lang/crates.io-index)" = "8521a1b57e76b1ec69af7599e75e38e7b7fad6610f037db8c79b127201b5d119"
"checksum libnghttp2-sys 0.1.7+1.45.0 (registry+https://github.com/rust-lang/crates.io-index)" = "57ed28aba195b38d5ff02b9170cbff627e336a20925e43b4945390401c5dc93f"
"checksum libz-sys 1.1.3 (registry+https://github.com/rust-lang/crates.io-index)" = "de5435b8549c16d423ed0c03dbaafe57cf6c3344744f1242520d59c9d8ecec66"
"checksum log 0.4.14 (registry+https://github.com/rust-lang/crates.io-index)" = "51b9bbe6c47d51fc3e1a9b945965946b4c44142ab8792c50835a980d362c2710"
"checksum matches 0.1.9 (registry+https://github.com/rust-lang/crates.io-index)" = "a3e378b66a060d48947b590737b30a1be76706c8dd7b8ba0f2fe3989c68a853f"
"checksum md5 0.7.0 (registry+https://github.com/rust-lang/crates.io-index)" = "490cc448043f947bae3cbee9c203358d62dbee0db12107a74be5c30ccfd09771"
"checksum memchr 2.3.4 (registry+https://github.com/rust-lang/crates.io-index)" = "0ee1c47aaa256ecabcaea351eae4a9b01ef39ed810004e298d2511ed284b1525"
"checksum mime 0.3.16 (registry+https://github.com/rust-lang/crates.io-index)" = "2a60c7ce501c71e03a9c9c0d35b861413ae925bd979cc7a4e30d060069aaac8d"
"checksum num 0.3.1 (registry+https://github.com/rust-lang/crates.io-index)" = "8b7a8e9be5e039e2ff869df49155f1c06bd01ade2117ec783e56ab0932b67a8f"
"checksum num-bigint 0.3.1 (registry+https://github.com/rust-lang/crates.io-index)" = "5e9a41747ae4633fce5adffb4d2e81ffc5e89593cb19917f8fb2cc5ff76507bf"
"checksum num-complex 0.3.1 (registry+https://github.com/rust-lang/crates.io-index)" = "747d632c0c558b87dbabbe6a82f3b4ae03720d0646ac5b7b4dae89394be5f2c5"
"checksum num-integer 0.1.44 (registry+https://github.com/rust-lang/crates.io-index)" = "d2cc698a63b549a70bc047073d2949cce27cd1c7b0a4a862d08a8031bc2801db"
"checksum num-iter 0.1.42 (registry+https://github.com/rust-lang/crates.io-index)" = "b2021c8337a54d21aca0d59a92577a029af9431cb59b909b03252b9c164fad59"
"checksum num-rational 0.3.2 (registry+https://github.com/rust-lang/crates.io-index)" = "12ac428b1cb17fce6f731001d307d351ec70a6d202fc2e60f7d4c5e42d8f4f07"
"checksum num-traits 0.2.14 (registry+https://github.com/rust-lang/crates.io-index)" = "9a64b1ec5cda2586e284722486d802acf1f7dbdc623e2bfc57e65ca1cd099290"
"checksum once_cell 1.8.0 (registry+https://github.com/rust-lang/crates.io-index)" = "692fcb63b64b1758029e0a96ee63e049ce8c5948587f2f7208df04625e5f6b56"
"checksum openssl-probe 0.1.4 (registry+https://github.com/rust-lang/crates.io-index)" = "28988d872ab76095a6e6ac88d99b54fd267702734fd7ffe610ca27f533ddb95a"
"checksum openssl-sys 0.9.71 (registry+https://github.com/rust-lang/crates.io-index)" = "7df13d165e607909b363a4757a6f133f8a818a74e9d3a98d09c6128e15fa4c73"
"checksum parking 2.0.0 (registry+https://github.com/rust-lang/crates.io-index)" = "427c3892f9e783d91cc128285287e70a59e206ca452770ece88a76f7a3eddd72"
"checksum percent-encoding 2.1.0 (registry+https://github.com/rust-lang/crates.io-index)" = "d4fd5641d01c8f18a23da7b6fe29298ff4b55afcccdf78973b24cf3175fee32e"
"checksum pin-project 1.0.8 (registry+https://github.com/rust-lang/crates.io-index)" = "576bc800220cc65dac09e99e97b08b358cfab6e17078de8dc5fee223bd2d0c08"
"checksum pin-project-internal 1.0.8 (registry+https://github.com/rust-lang/crates.io-index)" = "6e8fe8163d14ce7f0cdac2e040116f22eac817edabff0be91e8aff7e9accf389"
"checksum pin-project-lite 0.2.7 (registry+https://github.com/rust-lang/crates.io-index)" = "8d31d11c69a6b52a174b42bdc0c30e5e11670f90788b2c471c31c1d17d449443"
"checksum pkg-config 0.3.22 (registry+https://github.com/rust-lang/crates.io-index)" = "12295df4f294471248581bc09bef3c38a5e46f1e36d6a37353621a0c6c357e1f"
"checksum polling 2.2.0 (registry+https://github.com/rust-lang/crates.io-index)" = "685404d509889fade3e86fe3a5803bca2ec09b0c0778d5ada6ec8bf7a8de5259"
"checksum proc-macro2 1.0.32 (registry+https://github.com/rust-lang/crates.io-index)" = "ba508cc11742c0dc5c1659771673afbab7a0efab23aa17e854cbab0837ed0b43"
"checksum quote 1.0.10 (registry+https://github.com/rust-lang/crates.io-index)" = "38bc8cc6a5f2e3655e0899c1b848643b2562f853f114bfec7be120678e3ace05"
"checksum regex 1.4.2 (registry+https://github.com/rust-lang/crates.io-index)" = "38cf2c13ed4745de91a5eb834e11c00bcc3709e773173b2ce4c56c9fbde04b9c"
"checksum regex-syntax 0.6.21 (registry+https://github.com/rust-lang/crates.io-index)" = "3b181ba2dcf07aaccad5448e8ead58db5b742cf85dfe035e2227f137a539a189"
"checksum schannel 0.1.19 (registry+https://github.com/rust-lang/crates.io-index)" = "8f05ba609c234e60bee0d547fe94a4c7e9da733d1c962cf6e59efa4cd9c8bc75"
"checksum slab 0.4.5 (registry+https://github.com/rust-lang/crates.io-index)" = "9def91fd1e018fe007022791f865d0ccc9b3a0d5001e01aabb8b40e46000afb5"
"checksum sluice 0.5.5 (registry+https://github.com/rust-lang/crates.io-index)" = "6d7400c0eff44aa2fcb5e31a5f24ba9716ed90138769e4977a2ba6014ae63eb5"
"checksum socket2 0.4.2 (registry+https://github.com/rust-lang/crates.io-index)" = "5dc90fe6c7be1a323296982db1836d1ea9e47b6839496dde9a541bc496df3516"
"checksum syn 1.0.82 (registry+https://github.com/rust-lang/crates.io-index)" = "8daf5dd0bb60cbd4137b1b587d2fc0ae729bc07cf01cd70b36a1ed5ade3b9d59"
"checksum thread_local 1.0.1 (registry+https://github.com/rust-lang/crates.io-index)" = "d40c6d1b69745a6ec6fb1ca717914848da4b44ae29d9b3080cbee91d72a69b14"
"checksum tinyvec 1.5.1 (registry+https://github.com/rust-lang/crates.io-index)" = "2c1c1d5a42b6245520c249549ec267180beaffcc0615401ac8e31853d4b6d8d2"
"checksum tinyvec_macros 0.1.0 (registry+https://github.com/rust-lang/crates.io-index)" = "cda74da7e1a664f795bb1f8a87ec406fb89a02522cf6e50620d016add6dbbf5c"
"checksum tracing 0.1.29 (registry+https://github.com/rust-lang/crates.io-index)" = "375a639232caf30edfc78e8d89b2d4c375515393e7af7e16f01cd96917fb2105"
"checksum tracing-attributes 0.1.18 (registry+https://github.com/rust-lang/crates.io-index)" = "f4f480b8f81512e825f337ad51e94c1eb5d3bbdf2b363dcd01e2b19a9ffe3f8e"
"checksum tracing-core 0.1.21 (registry+https://github.com/rust-lang/crates.io-index)" = "1f4ed65637b8390770814083d20756f87bfa2c21bf2f110babdc5438351746e4"
"checksum tracing-futures 0.2.5 (registry+https://github.com/rust-lang/crates.io-index)" = "97d095ae15e245a057c8e8451bab9b3ee1e1f68e9ba2b4fbc18d0ac5237835f2"
"checksum unicode-bidi 0.3.7 (registry+https://github.com/rust-lang/crates.io-index)" = "1a01404663e3db436ed2746d9fefef640d868edae3cceb81c3b8d5732fda678f"
"checksum unicode-normalization 0.1.19 (registry+https://github.com/rust-lang/crates.io-index)" = "d54590932941a9e9266f0832deed84ebe1bf2e4c9e4a3554d393d18f5e854bf9"
"checksum unicode-xid 0.2.2 (registry+https://github.com/rust-lang/crates.io-index)" = "8ccb82d61f80a663efe1f787a51b16b5a51e3314d6ac365b08639f52387b33f3"
"checksum url 2.2.2 (registry+https://github.com/rust-lang/crates.io-index)" = "a507c383b2d33b5fc35d1861e77e6b383d158b2da5e14fe51b83dfedf6fd578c"
"checksum vcpkg 0.2.15 (registry+https://github.com/rust-lang/crates.io-index)" = "accd4ea62f7bb7a82fe23066fb0957d48ef677f6eeb8215f372f52e48bb32426"
"checksum waker-fn 1.1.0 (registry+https://github.com/rust-lang/crates.io-index)" = "9d5b2c62b4012a3e1eca5a7e077d13b3bf498c4073e33ccd58626607748ceeca"
"checksum wepoll-ffi 0.1.2 (registry+https://github.com/rust-lang/crates.io-index)" = "d743fdedc5c64377b5fc2bc036b01c7fd642205a0d96356034ae3404d49eb7fb"
"checksum winapi 0.3.9 (registry+https://github.com/rust-lang/crates.io-index)" = "5c839a674fcd7a98952e593242ea400abe93992746761e38641405d28b00f419"
"checksum winapi-i686-pc-windows-gnu 0.4.0 (registry+https://github.com/rust-lang/crates.io-index)" = "ac3b87c63620426dd9b991e5ce0329eff545bccbbb34f3be09ff6fb6ab51b7b6"
"checksum winapi-x86_64-pc-windows-gnu 0.4.0 (registry+https://github.com/rust-lang/crates.io-index)" = "712e227841d057c1ee1cd2fb22fa7e5a5461ae8e48fa2ca79ec42cfc1931183f"
